
Microsoft Visual Studio Solution File, Format Version 12.00
# Visual Studio 2012
Project("{8BC9CEB8-8B4A-11D0-8D11-00A0C91BC942}") = "Assign_04_03 - Area Rectangle", "Assign_04_03 - Area Rectangle\Assign_04_03 - Area Rectangle.vcxproj", "{A8B61B0F-DC3E-46B8-B4DC-BD21C2B49932}"
EndProject
Global
	GlobalSection(SolutionConfigurationPlatforms) = preSolution
		Debug|Win32 = Debug|Win32
		Release|Win32 = Release|Win32
	EndGlobalSection
	GlobalSection(ProjectConfigurationPlatforms) = postSolution
		{A8B61B0F-DC3E-46B8-B4DC-BD21C2B49932}.Debug|Win32.ActiveCfg = Debug|Win32
		{A8B61B0F-DC3E-46B8-B4DC-BD21C2B49932}.Debug|Win32.Build.0 = Debug|Win32
		{A8B61B0F-DC3E-46B8-B4DC-BD21C2B49932}.Release|Win32.ActiveCfg = Release|Win32
		{A8B61B0F-DC3E-46B8-B4DC-BD21C2B49932}.Release|Win32.Build.0 = Release|Win32
	EndGlobalSection
	GlobalSection(SolutionProperties) = preSolution
		HideSolutionNode = FALSE
	EndGlobalSection
EndGlobal
