
Microsoft Visual Studio Solution File, Format Version 12.00
# Visual Studio 2012
Project("{8BC9CEB8-8B4A-11D0-8D11-00A0C91BC942}") = "EC_02_03 - String Analyzer", "EC_02_03 - String Analyzer\EC_02_03 - String Analyzer.vcxproj", "{D78C3054-EBCB-4C37-8B9A-2A6AD9454D2F}"
EndProject
Global
	GlobalSection(SolutionConfigurationPlatforms) = preSolution
		Debug|Win32 = Debug|Win32
		Release|Win32 = Release|Win32
	EndGlobalSection
	GlobalSection(ProjectConfigurationPlatforms) = postSolution
		{D78C3054-EBCB-4C37-8B9A-2A6AD9454D2F}.Debug|Win32.ActiveCfg = Debug|Win32
		{D78C3054-EBCB-4C37-8B9A-2A6AD9454D2F}.Debug|Win32.Build.0 = Debug|Win32
		{D78C3054-EBCB-4C37-8B9A-2A6AD9454D2F}.Release|Win32.ActiveCfg = Release|Win32
		{D78C3054-EBCB-4C37-8B9A-2A6AD9454D2F}.Release|Win32.Build.0 = Release|Win32
	EndGlobalSection
	GlobalSection(SolutionProperties) = preSolution
		HideSolutionNode = FALSE
	EndGlobalSection
EndGlobal
