
Microsoft Visual Studio Solution File, Format Version 12.00
# Visual Studio 2012
Project("{8BC9CEB8-8B4A-11D0-8D11-00A0C91BC942}") = "Assign_02_01", "Assign_02_01\Assign_02_01.vcxproj", "{DBFFE560-9C9F-4992-BBD3-22FD2E1309DC}"
EndProject
Global
	GlobalSection(SolutionConfigurationPlatforms) = preSolution
		Debug|Win32 = Debug|Win32
		Release|Win32 = Release|Win32
	EndGlobalSection
	GlobalSection(ProjectConfigurationPlatforms) = postSolution
		{DBFFE560-9C9F-4992-BBD3-22FD2E1309DC}.Debug|Win32.ActiveCfg = Debug|Win32
		{DBFFE560-9C9F-4992-BBD3-22FD2E1309DC}.Debug|Win32.Build.0 = Debug|Win32
		{DBFFE560-9C9F-4992-BBD3-22FD2E1309DC}.Release|Win32.ActiveCfg = Release|Win32
		{DBFFE560-9C9F-4992-BBD3-22FD2E1309DC}.Release|Win32.Build.0 = Release|Win32
	EndGlobalSection
	GlobalSection(SolutionProperties) = preSolution
		HideSolutionNode = FALSE
	EndGlobalSection
EndGlobal
