
Microsoft Visual Studio Solution File, Format Version 12.00
# Visual Studio 2012
Project("{8BC9CEB8-8B4A-11D0-8D11-00A0C91BC942}") = "Assign_03_04 - Greatest and Least", "Assign_03_04 - Greatest and Least\Assign_03_04 - Greatest and Least.vcxproj", "{A538AB93-E032-4DC8-8A25-9E3B4E3D1F57}"
EndProject
Global
	GlobalSection(SolutionConfigurationPlatforms) = preSolution
		Debug|Win32 = Debug|Win32
		Release|Win32 = Release|Win32
	EndGlobalSection
	GlobalSection(ProjectConfigurationPlatforms) = postSolution
		{A538AB93-E032-4DC8-8A25-9E3B4E3D1F57}.Debug|Win32.ActiveCfg = Debug|Win32
		{A538AB93-E032-4DC8-8A25-9E3B4E3D1F57}.Debug|Win32.Build.0 = Debug|Win32
		{A538AB93-E032-4DC8-8A25-9E3B4E3D1F57}.Release|Win32.ActiveCfg = Release|Win32
		{A538AB93-E032-4DC8-8A25-9E3B4E3D1F57}.Release|Win32.Build.0 = Release|Win32
	EndGlobalSection
	GlobalSection(SolutionProperties) = preSolution
		HideSolutionNode = FALSE
	EndGlobalSection
EndGlobal
